{
  "requires": true,
  "lockfileVersion": 1,
  "dependencies": {
    "agora-rtc-sdk": {
      "version": "3.0.2",
      "resolved": "https://registry.npmjs.org/agora-rtc-sdk/-/agora-rtc-sdk-3.0.2.tgz",
      "integrity": "sha512-hKw2VcGmHYx3HNEt2JCIrTCk2FYz6Erl79/H9IpZjW62sPmUtJQMQH3307SWJEJ2/S5+e2XWzyxab97epXd12g=="
    }
  }
}
