// !$*UTF8*$!
{
	archiveVersion = 1;
	classes = {
	};
	objectVersion = 50;
	objects = {

/* Begin PBXBuildFile section */
		389CCC002223C9B8005E1BD1 /* AppDelegate.swift in Sources */ = {isa = PBXBuildFile; fileRef = 389CCBFF2223C9B8005E1BD1 /* AppDelegate.swift */; };
		389CCC022223C9B8005E1BD1 /* ViewController.swift in Sources */ = {isa = PBXBuildFile; fileRef = 389CCC012223C9B8005E1BD1 /* ViewController.swift */; };
		389CCC052223C9B8005E1BD1 /* Main.storyboard in Resources */ = {isa = PBXBuildFile; fileRef = 389CCC032223C9B8005E1BD1 /* Main.storyboard */; };
		389CCC072223C9B9005E1BD1 /* Assets.xcassets in Resources */ = {isa = PBXBuildFile; fileRef = 389CCC062223C9B9005E1BD1 /* Assets.xcassets */; };
		389CCC0A2223C9B9005E1BD1 /* LaunchScreen.storyboard in Resources */ = {isa = PBXBuildFile; fileRef = 389CCC082223C9B9005E1BD1 /* LaunchScreen.storyboard */; };
		389CCC122223CD01005E1BD1 /* ChannelCell.swift in Sources */ = {isa = PBXBuildFile; fileRef = 389CCC112223CD01005E1BD1 /* ChannelCell.swift */; };
		389CCC142223CD09005E1BD1 /* ChannelInfo.swift in Sources */ = {isa = PBXBuildFile; fileRef = 389CCC132223CD09005E1BD1 /* ChannelInfo.swift */; };
		389CCC172223D6D6005E1BD1 /* ChannelPageViewController.swift in Sources */ = {isa = PBXBuildFile; fileRef = 389CCC162223D6D6005E1BD1 /* ChannelPageViewController.swift */; };
		389CCC1E2223DFFD005E1BD1 /* ChannelViewController.swift in Sources */ = {isa = PBXBuildFile; fileRef = 389CCC1C2223DFFD005E1BD1 /* ChannelViewController.swift */; };
		389CCC1F2223DFFD005E1BD1 /* ChannelViewController.xib in Resources */ = {isa = PBXBuildFile; fileRef = 389CCC1D2223DFFD005E1BD1 /* ChannelViewController.xib */; };
		38A10D392223F9C70091608F /* AgoraRtcEngineKit.framework in Frameworks */ = {isa = PBXBuildFile; fileRef = 38A10D382223F9C60091608F /* AgoraRtcEngineKit.framework */; };
		38A10D3C2223FA310091608F /* AVFoundation.framework in Frameworks */ = {isa = PBXBuildFile; fileRef = 38A10D3B2223FA310091608F /* AVFoundation.framework */; };
		38A10D3E2223FA360091608F /* CoreTelephony.framework in Frameworks */ = {isa = PBXBuildFile; fileRef = 38A10D3D2223FA360091608F /* CoreTelephony.framework */; };
		38A10D402223FA3B0091608F /* SystemConfiguration.framework in Frameworks */ = {isa = PBXBuildFile; fileRef = 38A10D3F2223FA3B0091608F /* SystemConfiguration.framework */; };
		38A10D422223FA450091608F /* libc++.tbd in Frameworks */ = {isa = PBXBuildFile; fileRef = 38A10D412223FA450091608F /* libc++.tbd */; };
		38A10D442223FA4A0091608F /* libresolv.tbd in Frameworks */ = {isa = PBXBuildFile; fileRef = 38A10D432223FA4A0091608F /* libresolv.tbd */; };
		38A10D462223FA510091608F /* Accelerate.framework in Frameworks */ = {isa = PBXBuildFile; fileRef = 38A10D452223FA510091608F /* Accelerate.framework */; };
		38A10D482223FA5A0091608F /* VideoToolbox.framework in Frameworks */ = {isa = PBXBuildFile; fileRef = 38A10D472223FA5A0091608F /* VideoToolbox.framework */; };
		38A10D4A2223FDA30091608F /* MediaCenter.swift in Sources */ = {isa = PBXBuildFile; fileRef = 38A10D492223FDA30091608F /* MediaCenter.swift */; };
		38A10D59222412E70091608F /* CoreML.framework in Frameworks */ = {isa = PBXBuildFile; fileRef = 38A10D58222412E60091608F /* CoreML.framework */; };
		38C7B8E92272C9C2001D4E85 /* KeyCenter.swift in Sources */ = {isa = PBXBuildFile; fileRef = 38C7B8E82272C9C2001D4E85 /* KeyCenter.swift */; };
/* End PBXBuildFile section */

/* Begin PBXFileReference section */
		389CCBFC2223C9B8005E1BD1 /* Quick-Switch.app */ = {isa = PBXFileReference; explicitFileType = wrapper.application; includeInIndex = 0; path = "Quick-Switch.app"; sourceTree = BUILT_PRODUCTS_DIR; };
		389CCBFF2223C9B8005E1BD1 /* AppDelegate.swift */ = {isa = PBXFileReference; lastKnownFileType = sourcecode.swift; path = AppDelegate.swift; sourceTree = "<group>"; };
		389CCC012223C9B8005E1BD1 /* ViewController.swift */ = {isa = PBXFileReference; lastKnownFileType = sourcecode.swift; path = ViewController.swift; sourceTree = "<group>"; };
		389CCC042223C9B8005E1BD1 /* Base */ = {isa = PBXFileReference; lastKnownFileType = file.storyboard; name = Base; path = Base.lproj/Main.storyboard; sourceTree = "<group>"; };
		389CCC062223C9B9005E1BD1 /* Assets.xcassets */ = {isa = PBXFileReference; lastKnownFileType = folder.assetcatalog; path = Assets.xcassets; sourceTree = "<group>"; };
		389CCC092223C9B9005E1BD1 /* Base */ = {isa = PBXFileReference; lastKnownFileType = file.storyboard; name = Base; path = Base.lproj/LaunchScreen.storyboard; sourceTree = "<group>"; };
		389CCC0B2223C9B9005E1BD1 /* Info.plist */ = {isa = PBXFileReference; lastKnownFileType = text.plist.xml; path = Info.plist; sourceTree = "<group>"; };
		389CCC112223CD01005E1BD1 /* ChannelCell.swift */ = {isa = PBXFileReference; lastKnownFileType = sourcecode.swift; path = ChannelCell.swift; sourceTree = "<group>"; };
		389CCC132223CD09005E1BD1 /* ChannelInfo.swift */ = {isa = PBXFileReference; lastKnownFileType = sourcecode.swift; path = ChannelInfo.swift; sourceTree = "<group>"; };
		389CCC162223D6D6005E1BD1 /* ChannelPageViewController.swift */ = {isa = PBXFileReference; lastKnownFileType = sourcecode.swift; path = ChannelPageViewController.swift; sourceTree = "<group>"; };
		389CCC1C2223DFFD005E1BD1 /* ChannelViewController.swift */ = {isa = PBXFileReference; lastKnownFileType = sourcecode.swift; path = ChannelViewController.swift; sourceTree = "<group>"; };
		389CCC1D2223DFFD005E1BD1 /* ChannelViewController.xib */ = {isa = PBXFileReference; lastKnownFileType = file.xib; path = ChannelViewController.xib; sourceTree = "<group>"; };
		38A10D382223F9C60091608F /* AgoraRtcEngineKit.framework */ = {isa = PBXFileReference; lastKnownFileType = wrapper.framework; path = AgoraRtcEngineKit.framework; sourceTree = "<group>"; };
		38A10D3B2223FA310091608F /* AVFoundation.framework */ = {isa = PBXFileReference; lastKnownFileType = wrapper.framework; name = AVFoundation.framework; path = System/Library/Frameworks/AVFoundation.framework; sourceTree = SDKROOT; };
		38A10D3D2223FA360091608F /* CoreTelephony.framework */ = {isa = PBXFileReference; lastKnownFileType = wrapper.framework; name = CoreTelephony.framework; path = System/Library/Frameworks/CoreTelephony.framework; sourceTree = SDKROOT; };
		38A10D3F2223FA3B0091608F /* SystemConfiguration.framework */ = {isa = PBXFileReference; lastKnownFileType = wrapper.framework; name = SystemConfiguration.framework; path = System/Library/Frameworks/SystemConfiguration.framework; sourceTree = SDKROOT; };
		38A10D412223FA450091608F /* libc++.tbd */ = {isa = PBXFileReference; lastKnownFileType = "sourcecode.text-based-dylib-definition"; name = "libc++.tbd"; path = "usr/lib/libc++.tbd"; sourceTree = SDKROOT; };
		38A10D432223FA4A0091608F /* libresolv.tbd */ = {isa = PBXFileReference; lastKnownFileType = "sourcecode.text-based-dylib-definition"; name = libresolv.tbd; path = usr/lib/libresolv.tbd; sourceTree = SDKROOT; };
		38A10D452223FA510091608F /* Accelerate.framework */ = {isa = PBXFileReference; lastKnownFileType = wrapper.framework; name = Accelerate.framework; path = System/Library/Frameworks/Accelerate.framework; sourceTree = SDKROOT; };
		38A10D472223FA5A0091608F /* VideoToolbox.framework */ = {isa = PBXFileReference; lastKnownFileType = wrapper.framework; name = VideoToolbox.framework; path = System/Library/Frameworks/VideoToolbox.framework; sourceTree = SDKROOT; };
		38A10D492223FDA30091608F /* MediaCenter.swift */ = {isa = PBXFileReference; lastKnownFileType = sourcecode.swift; path = MediaCenter.swift; sourceTree = "<group>"; };
		38A10D58222412E60091608F /* CoreML.framework */ = {isa = PBXFileReference; lastKnownFileType = wrapper.framework; name = CoreML.framework; path = System/Library/Frameworks/CoreML.framework; sourceTree = SDKROOT; };
		38C7B8E82272C9C2001D4E85 /* KeyCenter.swift */ = {isa = PBXFileReference; lastKnownFileType = sourcecode.swift; path = KeyCenter.swift; sourceTree = "<group>"; };
/* End PBXFileReference section */

/* Begin PBXFrameworksBuildPhase section */
		389CCBF92223C9B8005E1BD1 /* Frameworks */ = {
			isa = PBXFrameworksBuildPhase;
			buildActionMask = 2147483647;
			files = (
				38A10D392223F9C70091608F /* AgoraRtcEngineKit.framework in Frameworks */,
				38A10D462223FA510091608F /* Accelerate.framework in Frameworks */,
				38A10D3C2223FA310091608F /* AVFoundation.framework in Frameworks */,
				38A10D59222412E70091608F /* CoreML.framework in Frameworks */,
				38A10D3E2223FA360091608F /* CoreTelephony.framework in Frameworks */,
				38A10D422223FA450091608F /* libc++.tbd in Frameworks */,
				38A10D442223FA4A0091608F /* libresolv.tbd in Frameworks */,
				38A10D402223FA3B0091608F /* SystemConfiguration.framework in Frameworks */,
				38A10D482223FA5A0091608F /* VideoToolbox.framework in Frameworks */,
			);
			runOnlyForDeploymentPostprocessing = 0;
		};
/* End PBXFrameworksBuildPhase section */

/* Begin PBXGroup section */
		389CCBF32223C9B8005E1BD1 = {
			isa = PBXGroup;
			children = (
				389CCBFE2223C9B8005E1BD1 /* Quick-Switch */,
				389CCBFD2223C9B8005E1BD1 /* Products */,
				38A10D3A2223FA310091608F /* Frameworks */,
			);
			sourceTree = "<group>";
		};
		389CCBFD2223C9B8005E1BD1 /* Products */ = {
			isa = PBXGroup;
			children = (
				389CCBFC2223C9B8005E1BD1 /* Quick-Switch.app */,
			);
			name = Products;
			sourceTree = "<group>";
		};
		389CCBFE2223C9B8005E1BD1 /* Quick-Switch */ = {
			isa = PBXGroup;
			children = (
				389CCC032223C9B8005E1BD1 /* Main.storyboard */,
				389CCC012223C9B8005E1BD1 /* ViewController.swift */,
				389CCC162223D6D6005E1BD1 /* ChannelPageViewController.swift */,
				389CCC1C2223DFFD005E1BD1 /* ChannelViewController.swift */,
				389CCC1D2223DFFD005E1BD1 /* ChannelViewController.xib */,
				38A10D492223FDA30091608F /* MediaCenter.swift */,
				38C7B8E82272C9C2001D4E85 /* KeyCenter.swift */,
				389CCC132223CD09005E1BD1 /* ChannelInfo.swift */,
				389CCC112223CD01005E1BD1 /* ChannelCell.swift */,
				38A10D382223F9C60091608F /* AgoraRtcEngineKit.framework */,
				389CCC062223C9B9005E1BD1 /* Assets.xcassets */,
				389CCC082223C9B9005E1BD1 /* LaunchScreen.storyboard */,
				389CCBFF2223C9B8005E1BD1 /* AppDelegate.swift */,
				389CCC0B2223C9B9005E1BD1 /* Info.plist */,
			);
			path = "Quick-Switch";
			sourceTree = "<group>";
		};
		38A10D3A2223FA310091608F /* Frameworks */ = {
			isa = PBXGroup;
			children = (
				38A10D58222412E60091608F /* CoreML.framework */,
				38A10D472223FA5A0091608F /* VideoToolbox.framework */,
				38A10D452223FA510091608F /* Accelerate.framework */,
				38A10D432223FA4A0091608F /* libresolv.tbd */,
				38A10D412223FA450091608F /* libc++.tbd */,
				38A10D3F2223FA3B0091608F /* SystemConfiguration.framework */,
				38A10D3D2223FA360091608F /* CoreTelephony.framework */,
				38A10D3B2223FA310091608F /* AVFoundation.framework */,
			);
			name = Frameworks;
			sourceTree = "<group>";
		};
/* End PBXGroup section */

/* Begin PBXNativeTarget section */
		389CCBFB2223C9B8005E1BD1 /* Quick-Switch */ = {
			isa = PBXNativeTarget;
			buildConfigurationList = 389CCC0E2223C9B9005E1BD1 /* Build configuration list for PBXNativeTarget "Quick-Switch" */;
			buildPhases = (
				389CCBF82223C9B8005E1BD1 /* Sources */,
				389CCBF92223C9B8005E1BD1 /* Frameworks */,
				389CCBFA2223C9B8005E1BD1 /* Resources */,
			);
			buildRules = (
			);
			dependencies = (
			);
			name = "Quick-Switch";
			productName = "Quick-Switch";
			productReference = 389CCBFC2223C9B8005E1BD1 /* Quick-Switch.app */;
			productType = "com.apple.product-type.application";
		};
/* End PBXNativeTarget section */

/* Begin PBXProject section */
		389CCBF42223C9B8005E1BD1 /* Project object */ = {
			isa = PBXProject;
			attributes = {
				LastSwiftUpdateCheck = 1010;
				LastUpgradeCheck = 1010;
				ORGANIZATIONNAME = Agora;
				TargetAttributes = {
					389CCBFB2223C9B8005E1BD1 = {
						CreatedOnToolsVersion = 10.1;
						LastSwiftMigration = 1020;
					};
				};
			};
			buildConfigurationList = 389CCBF72223C9B8005E1BD1 /* Build configuration list for PBXProject "Quick-Switch" */;
			compatibilityVersion = "Xcode 9.3";
			developmentRegion = en;
			hasScannedForEncodings = 0;
			knownRegions = (
				en,
				Base,
			);
			mainGroup = 389CCBF32223C9B8005E1BD1;
			productRefGroup = 389CCBFD2223C9B8005E1BD1 /* Products */;
			projectDirPath = "";
			projectRoot = "";
			targets = (
				389CCBFB2223C9B8005E1BD1 /* Quick-Switch */,
			);
		};
/* End PBXProject section */

/* Begin PBXResourcesBuildPhase section */
		389CCBFA2223C9B8005E1BD1 /* Resources */ = {
			isa = PBXResourcesBuildPhase;
			buildActionMask = 2147483647;
			files = (
				389CCC0A2223C9B9005E1BD1 /* LaunchScreen.storyboard in Resources */,
				389CCC072223C9B9005E1BD1 /* Assets.xcassets in Resources */,
				389CCC1F2223DFFD005E1BD1 /* ChannelViewController.xib in Resources */,
				389CCC052223C9B8005E1BD1 /* Main.storyboard in Resources */,
			);
			runOnlyForDeploymentPostprocessing = 0;
		};
/* End PBXResourcesBuildPhase section */

/* Begin PBXSourcesBuildPhase section */
		389CCBF82223C9B8005E1BD1 /* Sources */ = {
			isa = PBXSourcesBuildPhase;
			buildActionMask = 2147483647;
			files = (
				389CCC172223D6D6005E1BD1 /* ChannelPageViewController.swift in Sources */,
				389CCC022223C9B8005E1BD1 /* ViewController.swift in Sources */,
				389CCC142223CD09005E1BD1 /* ChannelInfo.swift in Sources */,
				38A10D4A2223FDA30091608F /* MediaCenter.swift in Sources */,
				38C7B8E92272C9C2001D4E85 /* KeyCenter.swift in Sources */,
				389CCC122223CD01005E1BD1 /* ChannelCell.swift in Sources */,
				389CCC1E2223DFFD005E1BD1 /* ChannelViewController.swift in Sources */,
				389CCC002223C9B8005E1BD1 /* AppDelegate.swift in Sources */,
			);
			runOnlyForDeploymentPostprocessing = 0;
		};
/* End PBXSourcesBuildPhase section */

/* Begin PBXVariantGroup section */
		389CCC032223C9B8005E1BD1 /* Main.storyboard */ = {
			isa = PBXVariantGroup;
			children = (
				389CCC042223C9B8005E1BD1 /* Base */,
			);
			name = Main.storyboard;
			sourceTree = "<group>";
		};
		389CCC082223C9B9005E1BD1 /* LaunchScreen.storyboard */ = {
			isa = PBXVariantGroup;
			children = (
				389CCC092223C9B9005E1BD1 /* Base */,
			);
			name = LaunchScreen.storyboard;
			sourceTree = "<group>";
		};
/* End PBXVariantGroup section */

/* Begin XCBuildConfiguration section */
		389CCC0C2223C9B9005E1BD1 /* Debug */ = {
			isa = XCBuildConfiguration;
			buildSettings = {
				ALWAYS_SEARCH_USER_PATHS = NO;
				CLANG_ANALYZER_NONNULL = YES;
				CLANG_ANALYZER_NUMBER_OBJECT_CONVERSION = YES_AGGRESSIVE;
				CLANG_CXX_LANGUAGE_STANDARD = "gnu++14";
				CLANG_CXX_LIBRARY = "libc++";
				CLANG_ENABLE_MODULES = YES;
				CLANG_ENABLE_OBJC_ARC = YES;
				CLANG_ENABLE_OBJC_WEAK = YES;
				CLANG_WARN_BLOCK_CAPTURE_AUTORELEASING = YES;
				CLANG_WARN_BOOL_CONVERSION = YES;
				CLANG_WARN_COMMA = YES;
				CLANG_WARN_CONSTANT_CONVERSION = YES;
				CLANG_WARN_DEPRECATED_OBJC_IMPLEMENTATIONS = YES;
				CLANG_WARN_DIRECT_OBJC_ISA_USAGE = YES_ERROR;
				CLANG_WARN_DOCUMENTATION_COMMENTS = YES;
				CLANG_WARN_EMPTY_BODY = YES;
				CLANG_WARN_ENUM_CONVERSION = YES;
				CLANG_WARN_INFINITE_RECURSION = YES;
				CLANG_WARN_INT_CONVERSION = YES;
				CLANG_WARN_NON_LITERAL_NULL_CONVERSION = YES;
				CLANG_WARN_OBJC_IMPLICIT_RETAIN_SELF = YES;
				CLANG_WARN_OBJC_LITERAL_CONVERSION = YES;
				CLANG_WARN_OBJC_ROOT_CLASS = YES_ERROR;
				CLANG_WARN_RANGE_LOOP_ANALYSIS = YES;
				CLANG_WARN_STRICT_PROTOTYPES = YES;
				CLANG_WARN_SUSPICIOUS_MOVE = YES;
				CLANG_WARN_UNGUARDED_AVAILABILITY = YES_AGGRESSIVE;
				CLANG_WARN_UNREACHABLE_CODE = YES;
				CLANG_WARN__DUPLICATE_METHOD_MATCH = YES;
				CODE_SIGN_IDENTITY = "iPhone Developer";
				COPY_PHASE_STRIP = NO;
				DEBUG_INFORMATION_FORMAT = dwarf;
				ENABLE_STRICT_OBJC_MSGSEND = YES;
				ENABLE_TESTABILITY = YES;
				GCC_C_LANGUAGE_STANDARD = gnu11;
				GCC_DYNAMIC_NO_PIC = NO;
				GCC_NO_COMMON_BLOCKS = YES;
				GCC_OPTIMIZATION_LEVEL = 0;
				GCC_PREPROCESSOR_DEFINITIONS = (
					"DEBUG=1",
					"$(inherited)",
				);
				GCC_WARN_64_TO_32_BIT_CONVERSION = YES;
				GCC_WARN_ABOUT_RETURN_TYPE = YES_ERROR;
				GCC_WARN_UNDECLARED_SELECTOR = YES;
				GCC_WARN_UNINITIALIZED_AUTOS = YES_AGGRESSIVE;
				GCC_WARN_UNUSED_FUNCTION = YES;
				GCC_WARN_UNUSED_VARIABLE = YES;
				IPHONEOS_DEPLOYMENT_TARGET = 12.1;
				MTL_ENABLE_DEBUG_INFO = INCLUDE_SOURCE;
				MTL_FAST_MATH = YES;
				ONLY_ACTIVE_ARCH = YES;
				SDKROOT = iphoneos;
				SWIFT_ACTIVE_COMPILATION_CONDITIONS = DEBUG;
				SWIFT_OPTIMIZATION_LEVEL = "-Onone";
			};
			name = Debug;
		};
		389CCC0D2223C9B9005E1BD1 /* Release */ = {
			isa = XCBuildConfiguration;
			buildSettings = {
				ALWAYS_SEARCH_USER_PATHS = NO;
				CLANG_ANALYZER_NONNULL = YES;
				CLANG_ANALYZER_NUMBER_OBJECT_CONVERSION = YES_AGGRESSIVE;
				CLANG_CXX_LANGUAGE_STANDARD = "gnu++14";
				CLANG_CXX_LIBRARY = "libc++";
				CLANG_ENABLE_MODULES = YES;
				CLANG_ENABLE_OBJC_ARC = YES;
				CLANG_ENABLE_OBJC_WEAK = YES;
				CLANG_WARN_BLOCK_CAPTURE_AUTORELEASING = YES;
				CLANG_WARN_BOOL_CONVERSION = YES;
				CLANG_WARN_COMMA = YES;
				CLANG_WARN_CONSTANT_CONVERSION = YES;
				CLANG_WARN_DEPRECATED_OBJC_IMPLEMENTATIONS = YES;
				CLANG_WARN_DIRECT_OBJC_ISA_USAGE = YES_ERROR;
				CLANG_WARN_DOCUMENTATION_COMMENTS = YES;
				CLANG_WARN_EMPTY_BODY = YES;
				CLANG_WARN_ENUM_CONVERSION = YES;
				CLANG_WARN_INFINITE_RECURSION = YES;
				CLANG_WARN_INT_CONVERSION = YES;
				CLANG_WARN_NON_LITERAL_NULL_CONVERSION = YES;
				CLANG_WARN_OBJC_IMPLICIT_RETAIN_SELF = YES;
				CLANG_WARN_OBJC_LITERAL_CONVERSION = YES;
				CLANG_WARN_OBJC_ROOT_CLASS = YES_ERROR;
				CLANG_WARN_RANGE_LOOP_ANALYSIS = YES;
				CLANG_WARN_STRICT_PROTOTYPES = YES;
				CLANG_WARN_SUSPICIOUS_MOVE = YES;
				CLANG_WARN_UNGUARDED_AVAILABILITY = YES_AGGRESSIVE;
				CLANG_WARN_UNREACHABLE_CODE = YES;
				CLANG_WARN__DUPLICATE_METHOD_MATCH = YES;
				CODE_SIGN_IDENTITY = "iPhone Developer";
				COPY_PHASE_STRIP = NO;
				DEBUG_INFORMATION_FORMAT = "dwarf-with-dsym";
				ENABLE_NS_ASSERTIONS = NO;
				ENABLE_STRICT_OBJC_MSGSEND = YES;
				GCC_C_LANGUAGE_STANDARD = gnu11;
				GCC_NO_COMMON_BLOCKS = YES;
				GCC_WARN_64_TO_32_BIT_CONVERSION = YES;
				GCC_WARN_ABOUT_RETURN_TYPE = YES_ERROR;
				GCC_WARN_UNDECLARED_SELECTOR = YES;
				GCC_WARN_UNINITIALIZED_AUTOS = YES_AGGRESSIVE;
				GCC_WARN_UNUSED_FUNCTION = YES;
				GCC_WARN_UNUSED_VARIABLE = YES;
				IPHONEOS_DEPLOYMENT_TARGET = 12.1;
				MTL_ENABLE_DEBUG_INFO = NO;
				MTL_FAST_MATH = YES;
				SDKROOT = iphoneos;
				SWIFT_COMPILATION_MODE = wholemodule;
				SWIFT_OPTIMIZATION_LEVEL = "-O";
				VALIDATE_PRODUCT = YES;
			};
			name = Release;
		};
		389CCC0F2223C9B9005E1BD1 /* Debug */ = {
			isa = XCBuildConfiguration;
			buildSettings = {
				ASSETCATALOG_COMPILER_APPICON_NAME = AppIcon;
				CODE_SIGN_STYLE = Manual;
				DEVELOPMENT_TEAM = 48TB6ZZL5S;
				FRAMEWORK_SEARCH_PATHS = (
					"$(inherited)",
					"$(PROJECT_DIR)/Quick-Switch",
				);
				INFOPLIST_FILE = "Quick-Switch/Info.plist";
				IPHONEOS_DEPLOYMENT_TARGET = 10.0;
				LD_RUNPATH_SEARCH_PATHS = (
					"$(inherited)",
					"@executable_path/Frameworks",
				);
				PRODUCT_BUNDLE_IDENTIFIER = "io.agora.Quick-Switch";
				PRODUCT_NAME = "$(TARGET_NAME)";
				PROVISIONING_PROFILE_SPECIFIER = AgoraIODev2018;
				SWIFT_VERSION = 5.0;
				TARGETED_DEVICE_FAMILY = "1,2";
			};
			name = Debug;
		};
		389CCC102223C9B9005E1BD1 /* Release */ = {
			isa = XCBuildConfiguration;
			buildSettings = {
				ASSETCATALOG_COMPILER_APPICON_NAME = AppIcon;
				CODE_SIGN_STYLE = Manual;
				DEVELOPMENT_TEAM = 48TB6ZZL5S;
				FRAMEWORK_SEARCH_PATHS = (
					"$(inherited)",
					"$(PROJECT_DIR)/Quick-Switch",
				);
				INFOPLIST_FILE = "Quick-Switch/Info.plist";
				IPHONEOS_DEPLOYMENT_TARGET = 10.0;
				LD_RUNPATH_SEARCH_PATHS = (
					"$(inherited)",
					"@executable_path/Frameworks",
				);
				PRODUCT_BUNDLE_IDENTIFIER = "io.agora.Quick-Switch";
				PRODUCT_NAME = "$(TARGET_NAME)";
				PROVISIONING_PROFILE_SPECIFIER = AgoraIODev2018;
				SWIFT_VERSION = 5.0;
				TARGETED_DEVICE_FAMILY = "1,2";
			};
			name = Release;
		};
/* End XCBuildConfiguration section */

/* Begin XCConfigurationList section */
		389CCBF72223C9B8005E1BD1 /* Build configuration list for PBXProject "Quick-Switch" */ = {
			isa = XCConfigurationList;
			buildConfigurations = (
				389CCC0C2223C9B9005E1BD1 /* Debug */,
				389CCC0D2223C9B9005E1BD1 /* Release */,
			);
			defaultConfigurationIsVisible = 0;
			defaultConfigurationName = Release;
		};
		389CCC0E2223C9B9005E1BD1 /* Build configuration list for PBXNativeTarget "Quick-Switch" */ = {
			isa = XCConfigurationList;
			buildConfigurations = (
				389CCC0F2223C9B9005E1BD1 /* Debug */,
				389CCC102223C9B9005E1BD1 /* Release */,
			);
			defaultConfigurationIsVisible = 0;
			defaultConfigurationName = Release;
		};
/* End XCConfigurationList section */
	};
	rootObject = 389CCBF42223C9B8005E1BD1 /* Project object */;
}
