// !$*UTF8*$!
{
	archiveVersion = 1;
	classes = {
	};
	objectVersion = 48;
	objects = {

/* Begin PBXBuildFile section */
		0772B0552017316B00C542B7 /* AgoraRtcEngineKit.framework in Frameworks */ = {isa = PBXBuildFile; fileRef = 0772B0542017316B00C542B7 /* AgoraRtcEngineKit.framework */; };
		0772B06320173E8600C542B7 /* CallCenter.swift in Sources */ = {isa = PBXBuildFile; fileRef = 0772B06220173E8600C542B7 /* CallCenter.swift */; };
		0772B11E2018379E00C542B7 /* AVFoundation.framework in Frameworks */ = {isa = PBXBuildFile; fileRef = 0772B11D2018379E00C542B7 /* AVFoundation.framework */; };
		0772B120201837A500C542B7 /* VideoToolbox.framework in Frameworks */ = {isa = PBXBuildFile; fileRef = 0772B11F201837A500C542B7 /* VideoToolbox.framework */; };
		0772B124201837C900C542B7 /* libstdc++.tbd in Frameworks */ = {isa = PBXBuildFile; fileRef = 0772B123201837C900C542B7 /* libstdc++.tbd */; };
		0772B126201837D300C542B7 /* CoreTelephony.framework in Frameworks */ = {isa = PBXBuildFile; fileRef = 0772B125201837D300C542B7 /* CoreTelephony.framework */; };
		0772B128201837DC00C542B7 /* libresolv.tbd in Frameworks */ = {isa = PBXBuildFile; fileRef = 0772B127201837DC00C542B7 /* libresolv.tbd */; };
		0772B12A2018387800C542B7 /* SystemConfiguration.framework in Frameworks */ = {isa = PBXBuildFile; fileRef = 0772B1292018387800C542B7 /* SystemConfiguration.framework */; };
		077ACAB12010886500212563 /* AppDelegate.swift in Sources */ = {isa = PBXBuildFile; fileRef = 077ACAB02010886500212563 /* AppDelegate.swift */; };
		077ACAB62010886500212563 /* Main.storyboard in Resources */ = {isa = PBXBuildFile; fileRef = 077ACAB42010886500212563 /* Main.storyboard */; };
		077ACAB82010886500212563 /* Assets.xcassets in Resources */ = {isa = PBXBuildFile; fileRef = 077ACAB72010886500212563 /* Assets.xcassets */; };
		077ACABB2010886500212563 /* LaunchScreen.storyboard in Resources */ = {isa = PBXBuildFile; fileRef = 077ACAB92010886500212563 /* LaunchScreen.storyboard */; };
		077ACB132011CEE500212563 /* ViewController.swift in Sources */ = {isa = PBXBuildFile; fileRef = 077ACB122011CEE500212563 /* ViewController.swift */; };
		3802EF20225CBFC80065A2E1 /* CoreML.framework in Frameworks */ = {isa = PBXBuildFile; fileRef = 3802EF1F225CBFC70065A2E1 /* CoreML.framework */; };
		A730EEFC20FC7533003174AD /* Accelerate.framework in Frameworks */ = {isa = PBXBuildFile; fileRef = A730EEFB20FC7533003174AD /* Accelerate.framework */; };
/* End PBXBuildFile section */

/* Begin PBXFileReference section */
		0772B0542017316B00C542B7 /* AgoraRtcEngineKit.framework */ = {isa = PBXFileReference; lastKnownFileType = wrapper.framework; path = AgoraRtcEngineKit.framework; sourceTree = "<group>"; };
		0772B06220173E8600C542B7 /* CallCenter.swift */ = {isa = PBXFileReference; lastKnownFileType = sourcecode.swift; path = CallCenter.swift; sourceTree = "<group>"; };
		0772B11D2018379E00C542B7 /* AVFoundation.framework */ = {isa = PBXFileReference; lastKnownFileType = wrapper.framework; name = AVFoundation.framework; path = System/Library/Frameworks/AVFoundation.framework; sourceTree = SDKROOT; };
		0772B11F201837A500C542B7 /* VideoToolbox.framework */ = {isa = PBXFileReference; lastKnownFileType = wrapper.framework; name = VideoToolbox.framework; path = System/Library/Frameworks/VideoToolbox.framework; sourceTree = SDKROOT; };
		0772B121201837B000C542B7 /* libc++.tbd */ = {isa = PBXFileReference; lastKnownFileType = "sourcecode.text-based-dylib-definition"; name = "libc++.tbd"; path = "usr/lib/libc++.tbd"; sourceTree = SDKROOT; };
		0772B123201837C900C542B7 /* libstdc++.tbd */ = {isa = PBXFileReference; lastKnownFileType = "sourcecode.text-based-dylib-definition"; name = "libstdc++.tbd"; path = "usr/lib/libstdc++.tbd"; sourceTree = SDKROOT; };
		0772B125201837D300C542B7 /* CoreTelephony.framework */ = {isa = PBXFileReference; lastKnownFileType = wrapper.framework; name = CoreTelephony.framework; path = System/Library/Frameworks/CoreTelephony.framework; sourceTree = SDKROOT; };
		0772B127201837DC00C542B7 /* libresolv.tbd */ = {isa = PBXFileReference; lastKnownFileType = "sourcecode.text-based-dylib-definition"; name = libresolv.tbd; path = usr/lib/libresolv.tbd; sourceTree = SDKROOT; };
		0772B1292018387800C542B7 /* SystemConfiguration.framework */ = {isa = PBXFileReference; lastKnownFileType = wrapper.framework; name = SystemConfiguration.framework; path = System/Library/Frameworks/SystemConfiguration.framework; sourceTree = SDKROOT; };
		0772B27A201ACF5000C542B7 /* README.md */ = {isa = PBXFileReference; lastKnownFileType = net.daringfireball.markdown; path = README.md; sourceTree = "<group>"; };
		077ACAAD2010886500212563 /* AgoraRTCWithCallKit.app */ = {isa = PBXFileReference; explicitFileType = wrapper.application; includeInIndex = 0; path = AgoraRTCWithCallKit.app; sourceTree = BUILT_PRODUCTS_DIR; };
		077ACAB02010886500212563 /* AppDelegate.swift */ = {isa = PBXFileReference; lastKnownFileType = sourcecode.swift; path = AppDelegate.swift; sourceTree = "<group>"; };
		077ACAB52010886500212563 /* Base */ = {isa = PBXFileReference; lastKnownFileType = file.storyboard; name = Base; path = Base.lproj/Main.storyboard; sourceTree = "<group>"; };
		077ACAB72010886500212563 /* Assets.xcassets */ = {isa = PBXFileReference; lastKnownFileType = folder.assetcatalog; path = Assets.xcassets; sourceTree = "<group>"; };
		077ACABA2010886500212563 /* Base */ = {isa = PBXFileReference; lastKnownFileType = file.storyboard; name = Base; path = Base.lproj/LaunchScreen.storyboard; sourceTree = "<group>"; };
		077ACABC2010886500212563 /* Info.plist */ = {isa = PBXFileReference; lastKnownFileType = text.plist.xml; path = Info.plist; sourceTree = "<group>"; };
		077ACB122011CEE500212563 /* ViewController.swift */ = {isa = PBXFileReference; lastKnownFileType = sourcecode.swift; path = ViewController.swift; sourceTree = "<group>"; };
		3802EF1F225CBFC70065A2E1 /* CoreML.framework */ = {isa = PBXFileReference; lastKnownFileType = wrapper.framework; name = CoreML.framework; path = System/Library/Frameworks/CoreML.framework; sourceTree = SDKROOT; };
		A730EEFB20FC7533003174AD /* Accelerate.framework */ = {isa = PBXFileReference; lastKnownFileType = wrapper.framework; name = Accelerate.framework; path = System/Library/Frameworks/Accelerate.framework; sourceTree = SDKROOT; };
/* End PBXFileReference section */

/* Begin PBXFrameworksBuildPhase section */
		077ACAAA2010886500212563 /* Frameworks */ = {
			isa = PBXFrameworksBuildPhase;
			buildActionMask = 2147483647;
			files = (
				3802EF20225CBFC80065A2E1 /* CoreML.framework in Frameworks */,
				A730EEFC20FC7533003174AD /* Accelerate.framework in Frameworks */,
				0772B12A2018387800C542B7 /* SystemConfiguration.framework in Frameworks */,
				0772B128201837DC00C542B7 /* libresolv.tbd in Frameworks */,
				0772B126201837D300C542B7 /* CoreTelephony.framework in Frameworks */,
				0772B124201837C900C542B7 /* libstdc++.tbd in Frameworks */,
				0772B120201837A500C542B7 /* VideoToolbox.framework in Frameworks */,
				0772B11E2018379E00C542B7 /* AVFoundation.framework in Frameworks */,
				0772B0552017316B00C542B7 /* AgoraRtcEngineKit.framework in Frameworks */,
			);
			runOnlyForDeploymentPostprocessing = 0;
		};
/* End PBXFrameworksBuildPhase section */

/* Begin PBXGroup section */
		0772B11C2018379E00C542B7 /* Frameworks */ = {
			isa = PBXGroup;
			children = (
				3802EF1F225CBFC70065A2E1 /* CoreML.framework */,
				A730EEFB20FC7533003174AD /* Accelerate.framework */,
				0772B1292018387800C542B7 /* SystemConfiguration.framework */,
				0772B127201837DC00C542B7 /* libresolv.tbd */,
				0772B125201837D300C542B7 /* CoreTelephony.framework */,
				0772B123201837C900C542B7 /* libstdc++.tbd */,
				0772B121201837B000C542B7 /* libc++.tbd */,
				0772B11F201837A500C542B7 /* VideoToolbox.framework */,
				0772B11D2018379E00C542B7 /* AVFoundation.framework */,
			);
			name = Frameworks;
			sourceTree = "<group>";
		};
		077ACAA42010886500212563 = {
			isa = PBXGroup;
			children = (
				0772B27A201ACF5000C542B7 /* README.md */,
				077ACAAF2010886500212563 /* AgoraRTCWithCallKit */,
				077ACAAE2010886500212563 /* Products */,
				0772B11C2018379E00C542B7 /* Frameworks */,
			);
			sourceTree = "<group>";
		};
		077ACAAE2010886500212563 /* Products */ = {
			isa = PBXGroup;
			children = (
				077ACAAD2010886500212563 /* AgoraRTCWithCallKit.app */,
			);
			name = Products;
			sourceTree = "<group>";
		};
		077ACAAF2010886500212563 /* AgoraRTCWithCallKit */ = {
			isa = PBXGroup;
			children = (
				077ACB122011CEE500212563 /* ViewController.swift */,
				0772B06220173E8600C542B7 /* CallCenter.swift */,
				077ACAB02010886500212563 /* AppDelegate.swift */,
				077ACAB42010886500212563 /* Main.storyboard */,
				0772B0542017316B00C542B7 /* AgoraRtcEngineKit.framework */,
				077ACAB72010886500212563 /* Assets.xcassets */,
				077ACAB92010886500212563 /* LaunchScreen.storyboard */,
				077ACABC2010886500212563 /* Info.plist */,
			);
			path = AgoraRTCWithCallKit;
			sourceTree = "<group>";
		};
/* End PBXGroup section */

/* Begin PBXNativeTarget section */
		077ACAAC2010886500212563 /* AgoraRTCWithCallKit */ = {
			isa = PBXNativeTarget;
			buildConfigurationList = 077ACABF2010886500212563 /* Build configuration list for PBXNativeTarget "AgoraRTCWithCallKit" */;
			buildPhases = (
				077ACAA92010886500212563 /* Sources */,
				077ACAAA2010886500212563 /* Frameworks */,
				077ACAAB2010886500212563 /* Resources */,
			);
			buildRules = (
			);
			dependencies = (
			);
			name = AgoraRTCWithCallKit;
			productName = AgoraRTCWithCallKit;
			productReference = 077ACAAD2010886500212563 /* AgoraRTCWithCallKit.app */;
			productType = "com.apple.product-type.application";
		};
/* End PBXNativeTarget section */

/* Begin PBXProject section */
		077ACAA52010886500212563 /* Project object */ = {
			isa = PBXProject;
			attributes = {
				LastSwiftUpdateCheck = 0920;
				LastUpgradeCheck = 1020;
				ORGANIZATIONNAME = Agora;
				TargetAttributes = {
					077ACAAC2010886500212563 = {
						CreatedOnToolsVersion = 9.2;
						ProvisioningStyle = Automatic;
						SystemCapabilities = {
							com.apple.BackgroundModes = {
								enabled = 1;
							};
						};
					};
				};
			};
			buildConfigurationList = 077ACAA82010886500212563 /* Build configuration list for PBXProject "AgoraRTCWithCallKit" */;
			compatibilityVersion = "Xcode 8.0";
			developmentRegion = en;
			hasScannedForEncodings = 0;
			knownRegions = (
				en,
				Base,
			);
			mainGroup = 077ACAA42010886500212563;
			productRefGroup = 077ACAAE2010886500212563 /* Products */;
			projectDirPath = "";
			projectRoot = "";
			targets = (
				077ACAAC2010886500212563 /* AgoraRTCWithCallKit */,
			);
		};
/* End PBXProject section */

/* Begin PBXResourcesBuildPhase section */
		077ACAAB2010886500212563 /* Resources */ = {
			isa = PBXResourcesBuildPhase;
			buildActionMask = 2147483647;
			files = (
				077ACABB2010886500212563 /* LaunchScreen.storyboard in Resources */,
				077ACAB82010886500212563 /* Assets.xcassets in Resources */,
				077ACAB62010886500212563 /* Main.storyboard in Resources */,
			);
			runOnlyForDeploymentPostprocessing = 0;
		};
/* End PBXResourcesBuildPhase section */

/* Begin PBXSourcesBuildPhase section */
		077ACAA92010886500212563 /* Sources */ = {
			isa = PBXSourcesBuildPhase;
			buildActionMask = 2147483647;
			files = (
				077ACB132011CEE500212563 /* ViewController.swift in Sources */,
				0772B06320173E8600C542B7 /* CallCenter.swift in Sources */,
				077ACAB12010886500212563 /* AppDelegate.swift in Sources */,
			);
			runOnlyForDeploymentPostprocessing = 0;
		};
/* End PBXSourcesBuildPhase section */

/* Begin PBXVariantGroup section */
		077ACAB42010886500212563 /* Main.storyboard */ = {
			isa = PBXVariantGroup;
			children = (
				077ACAB52010886500212563 /* Base */,
			);
			name = Main.storyboard;
			sourceTree = "<group>";
		};
		077ACAB92010886500212563 /* LaunchScreen.storyboard */ = {
			isa = PBXVariantGroup;
			children = (
				077ACABA2010886500212563 /* Base */,
			);
			name = LaunchScreen.storyboard;
			sourceTree = "<group>";
		};
/* End PBXVariantGroup section */

/* Begin XCBuildConfiguration section */
		077ACABD2010886500212563 /* Debug */ = {
			isa = XCBuildConfiguration;
			buildSettings = {
				ALWAYS_SEARCH_USER_PATHS = NO;
				CLANG_ANALYZER_NONNULL = YES;
				CLANG_ANALYZER_NUMBER_OBJECT_CONVERSION = YES_AGGRESSIVE;
				CLANG_CXX_LANGUAGE_STANDARD = "gnu++14";
				CLANG_CXX_LIBRARY = "libc++";
				CLANG_ENABLE_MODULES = YES;
				CLANG_ENABLE_OBJC_ARC = YES;
				CLANG_WARN_BLOCK_CAPTURE_AUTORELEASING = YES;
				CLANG_WARN_BOOL_CONVERSION = YES;
				CLANG_WARN_COMMA = YES;
				CLANG_WARN_CONSTANT_CONVERSION = YES;
				CLANG_WARN_DEPRECATED_OBJC_IMPLEMENTATIONS = YES;
				CLANG_WARN_DIRECT_OBJC_ISA_USAGE = YES_ERROR;
				CLANG_WARN_DOCUMENTATION_COMMENTS = YES;
				CLANG_WARN_EMPTY_BODY = YES;
				CLANG_WARN_ENUM_CONVERSION = YES;
				CLANG_WARN_INFINITE_RECURSION = YES;
				CLANG_WARN_INT_CONVERSION = YES;
				CLANG_WARN_NON_LITERAL_NULL_CONVERSION = YES;
				CLANG_WARN_OBJC_IMPLICIT_RETAIN_SELF = YES;
				CLANG_WARN_OBJC_LITERAL_CONVERSION = YES;
				CLANG_WARN_OBJC_ROOT_CLASS = YES_ERROR;
				CLANG_WARN_RANGE_LOOP_ANALYSIS = YES;
				CLANG_WARN_STRICT_PROTOTYPES = YES;
				CLANG_WARN_SUSPICIOUS_MOVE = YES;
				CLANG_WARN_UNGUARDED_AVAILABILITY = YES_AGGRESSIVE;
				CLANG_WARN_UNREACHABLE_CODE = YES;
				CLANG_WARN__DUPLICATE_METHOD_MATCH = YES;
				CODE_SIGN_IDENTITY = "iPhone Developer";
				COPY_PHASE_STRIP = NO;
				DEBUG_INFORMATION_FORMAT = dwarf;
				ENABLE_STRICT_OBJC_MSGSEND = YES;
				ENABLE_TESTABILITY = YES;
				GCC_C_LANGUAGE_STANDARD = gnu11;
				GCC_DYNAMIC_NO_PIC = NO;
				GCC_NO_COMMON_BLOCKS = YES;
				GCC_OPTIMIZATION_LEVEL = 0;
				GCC_PREPROCESSOR_DEFINITIONS = (
					"DEBUG=1",
					"$(inherited)",
				);
				GCC_WARN_64_TO_32_BIT_CONVERSION = YES;
				GCC_WARN_ABOUT_RETURN_TYPE = YES_ERROR;
				GCC_WARN_UNDECLARED_SELECTOR = YES;
				GCC_WARN_UNINITIALIZED_AUTOS = YES_AGGRESSIVE;
				GCC_WARN_UNUSED_FUNCTION = YES;
				GCC_WARN_UNUSED_VARIABLE = YES;
				IPHONEOS_DEPLOYMENT_TARGET = 11.2;
				MTL_ENABLE_DEBUG_INFO = YES;
				ONLY_ACTIVE_ARCH = YES;
				SDKROOT = iphoneos;
				SWIFT_ACTIVE_COMPILATION_CONDITIONS = DEBUG;
				SWIFT_OPTIMIZATION_LEVEL = "-Onone";
			};
			name = Debug;
		};
		077ACABE2010886500212563 /* Release */ = {
			isa = XCBuildConfiguration;
			buildSettings = {
				ALWAYS_SEARCH_USER_PATHS = NO;
				CLANG_ANALYZER_NONNULL = YES;
				CLANG_ANALYZER_NUMBER_OBJECT_CONVERSION = YES_AGGRESSIVE;
				CLANG_CXX_LANGUAGE_STANDARD = "gnu++14";
				CLANG_CXX_LIBRARY = "libc++";
				CLANG_ENABLE_MODULES = YES;
				CLANG_ENABLE_OBJC_ARC = YES;
				CLANG_WARN_BLOCK_CAPTURE_AUTORELEASING = YES;
				CLANG_WARN_BOOL_CONVERSION = YES;
				CLANG_WARN_COMMA = YES;
				CLANG_WARN_CONSTANT_CONVERSION = YES;
				CLANG_WARN_DEPRECATED_OBJC_IMPLEMENTATIONS = YES;
				CLANG_WARN_DIRECT_OBJC_ISA_USAGE = YES_ERROR;
				CLANG_WARN_DOCUMENTATION_COMMENTS = YES;
				CLANG_WARN_EMPTY_BODY = YES;
				CLANG_WARN_ENUM_CONVERSION = YES;
				CLANG_WARN_INFINITE_RECURSION = YES;
				CLANG_WARN_INT_CONVERSION = YES;
				CLANG_WARN_NON_LITERAL_NULL_CONVERSION = YES;
				CLANG_WARN_OBJC_IMPLICIT_RETAIN_SELF = YES;
				CLANG_WARN_OBJC_LITERAL_CONVERSION = YES;
				CLANG_WARN_OBJC_ROOT_CLASS = YES_ERROR;
				CLANG_WARN_RANGE_LOOP_ANALYSIS = YES;
				CLANG_WARN_STRICT_PROTOTYPES = YES;
				CLANG_WARN_SUSPICIOUS_MOVE = YES;
				CLANG_WARN_UNGUARDED_AVAILABILITY = YES_AGGRESSIVE;
				CLANG_WARN_UNREACHABLE_CODE = YES;
				CLANG_WARN__DUPLICATE_METHOD_MATCH = YES;
				CODE_SIGN_IDENTITY = "iPhone Developer";
				COPY_PHASE_STRIP = NO;
				DEBUG_INFORMATION_FORMAT = "dwarf-with-dsym";
				ENABLE_NS_ASSERTIONS = NO;
				ENABLE_STRICT_OBJC_MSGSEND = YES;
				GCC_C_LANGUAGE_STANDARD = gnu11;
				GCC_NO_COMMON_BLOCKS = YES;
				GCC_WARN_64_TO_32_BIT_CONVERSION = YES;
				GCC_WARN_ABOUT_RETURN_TYPE = YES_ERROR;
				GCC_WARN_UNDECLARED_SELECTOR = YES;
				GCC_WARN_UNINITIALIZED_AUTOS = YES_AGGRESSIVE;
				GCC_WARN_UNUSED_FUNCTION = YES;
				GCC_WARN_UNUSED_VARIABLE = YES;
				IPHONEOS_DEPLOYMENT_TARGET = 11.2;
				MTL_ENABLE_DEBUG_INFO = NO;
				SDKROOT = iphoneos;
				SWIFT_OPTIMIZATION_LEVEL = "-Owholemodule";
				VALIDATE_PRODUCT = YES;
			};
			name = Release;
		};
		077ACAC02010886500212563 /* Debug */ = {
			isa = XCBuildConfiguration;
			buildSettings = {
				ASSETCATALOG_COMPILER_APPICON_NAME = AppIcon;
				CODE_SIGN_STYLE = Automatic;
				DEVELOPMENT_TEAM = "";
				ENABLE_BITCODE = NO;
				FRAMEWORK_SEARCH_PATHS = (
					"$(inherited)",
					"$(PROJECT_DIR)/AgoraRTCWithCallKit",
				);
				INFOPLIST_FILE = AgoraRTCWithCallKit/Info.plist;
				IPHONEOS_DEPLOYMENT_TARGET = 10.0;
				LD_RUNPATH_SEARCH_PATHS = "$(inherited) @executable_path/Frameworks";
				PRODUCT_BUNDLE_IDENTIFIER = io.agora.AgoraRTCWithCallKit;
				PRODUCT_NAME = "$(TARGET_NAME)";
				SWIFT_VERSION = 4.2;
				TARGETED_DEVICE_FAMILY = "1,2";
			};
			name = Debug;
		};
		077ACAC12010886500212563 /* Release */ = {
			isa = XCBuildConfiguration;
			buildSettings = {
				ASSETCATALOG_COMPILER_APPICON_NAME = AppIcon;
				CODE_SIGN_STYLE = Automatic;
				DEVELOPMENT_TEAM = "";
				ENABLE_BITCODE = NO;
				FRAMEWORK_SEARCH_PATHS = (
					"$(inherited)",
					"$(PROJECT_DIR)/AgoraRTCWithCallKit",
				);
				INFOPLIST_FILE = AgoraRTCWithCallKit/Info.plist;
				IPHONEOS_DEPLOYMENT_TARGET = 10.0;
				LD_RUNPATH_SEARCH_PATHS = "$(inherited) @executable_path/Frameworks";
				PRODUCT_BUNDLE_IDENTIFIER = io.agora.AgoraRTCWithCallKit;
				PRODUCT_NAME = "$(TARGET_NAME)";
				SWIFT_VERSION = 4.2;
				TARGETED_DEVICE_FAMILY = "1,2";
			};
			name = Release;
		};
/* End XCBuildConfiguration section */

/* Begin XCConfigurationList section */
		077ACAA82010886500212563 /* Build configuration list for PBXProject "AgoraRTCWithCallKit" */ = {
			isa = XCConfigurationList;
			buildConfigurations = (
				077ACABD2010886500212563 /* Debug */,
				077ACABE2010886500212563 /* Release */,
			);
			defaultConfigurationIsVisible = 0;
			defaultConfigurationName = Release;
		};
		077ACABF2010886500212563 /* Build configuration list for PBXNativeTarget "AgoraRTCWithCallKit" */ = {
			isa = XCConfigurationList;
			buildConfigurations = (
				077ACAC02010886500212563 /* Debug */,
				077ACAC12010886500212563 /* Release */,
			);
			defaultConfigurationIsVisible = 0;
			defaultConfigurationName = Release;
		};
/* End XCConfigurationList section */
	};
	rootObject = 077ACAA52010886500212563 /* Project object */;
}
