<?xml version="1.0" encoding="utf-8"?>
<Project ToolsVersion="4.0" xmlns="http://schemas.microsoft.com/developer/msbuild/2003">
  <ItemGroup>
    <Filter Include="Form Files">
      <UniqueIdentifier>{99349809-55BA-4b9d-BF79-8FDBB0286EB3}</UniqueIdentifier>
      <Extensions>ui</Extensions>
      <ParseFiles>false</ParseFiles>
    </Filter>
    <Filter Include="Form Files">
      <UniqueIdentifier>{99349809-55BA-4b9d-BF79-8FDBB0286EB3}</UniqueIdentifier>
      <Extensions>ui</Extensions>
      <ParseFiles>false</ParseFiles>
    </Filter>
    <Filter Include="Generated Files">
      <UniqueIdentifier>{71ED8ED8-ACB9-4CE9-BBE1-E00B30144E11}</UniqueIdentifier>
      <Extensions>cpp;c;cxx;moc;h;def;odl;idl;res;</Extensions>
    </Filter>
    <Filter Include="Generated Files">
      <UniqueIdentifier>{71ED8ED8-ACB9-4CE9-BBE1-E00B30144E11}</UniqueIdentifier>
      <Extensions>cpp;c;cxx;moc;h;def;odl;idl;res;</Extensions>
    </Filter>
    <Filter Include="Header Files">
      <UniqueIdentifier>{93995380-89BD-4b04-88EB-625FBE52EBFB}</UniqueIdentifier>
      <Extensions>h;hpp;hxx;hm;inl;inc;xsd</Extensions>
    </Filter>
    <Filter Include="Header Files">
      <UniqueIdentifier>{93995380-89BD-4b04-88EB-625FBE52EBFB}</UniqueIdentifier>
      <Extensions>h;hpp;hxx;hm;inl;inc;xsd</Extensions>
    </Filter>
    <Filter Include="Resource Files">
      <UniqueIdentifier>{D9D6E242-F8AF-46E4-B9FD-80ECBC20BA3E}</UniqueIdentifier>
      <Extensions>qrc;*</Extensions>
      <ParseFiles>false</ParseFiles>
    </Filter>
    <Filter Include="Resource Files">
      <UniqueIdentifier>{D9D6E242-F8AF-46E4-B9FD-80ECBC20BA3E}</UniqueIdentifier>
      <Extensions>qrc;*</Extensions>
      <ParseFiles>false</ParseFiles>
    </Filter>
    <Filter Include="Source Files">
      <UniqueIdentifier>{4FC737F1-C7A5-4376-A066-2A32D752A2FF}</UniqueIdentifier>
      <Extensions>cpp;c;cxx;def;odl;idl;hpj;bat;asm;asmx</Extensions>
    </Filter>
    <Filter Include="Source Files">
      <UniqueIdentifier>{4FC737F1-C7A5-4376-A066-2A32D752A2FF}</UniqueIdentifier>
      <Extensions>cpp;c;cxx;def;odl;idl;hpj;bat;asm;asmx</Extensions>
    </Filter>
  </ItemGroup>
  <ItemGroup>
    <ClCompile Include="Agora_native_sdk\videokit\ExtendAudioFrameObserver.cpp">
      <Filter>Source Files</Filter>
    </ClCompile>
    <ClCompile Include="QTVideoKit.cpp">
      <Filter>Source Files</Filter>
    </ClCompile>
    <ClCompile Include="agorartcengine.cpp">
      <Filter>Source Files</Filter>
    </ClCompile>
    <ClCompile Include="main.cpp">
      <Filter>Source Files</Filter>
    </ClCompile>
    <ClCompile Include="mainwindow.cpp">
      <Filter>Source Files</Filter>
    </ClCompile>
    <ClCompile Include="Agora_native_sdk\videokit\videoinfocallback.cpp">
      <Filter>Source Files</Filter>
    </ClCompile>
    <ClCompile Include="Agora_native_sdk\videokit\videokit.cpp">
      <Filter>Source Files</Filter>
    </ClCompile>
    <ClCompile Include="videorender.cpp">
      <Filter>Source Files</Filter>
    </ClCompile>
    <ClCompile Include="ZD3DRender.cpp">
      <Filter>Source Files</Filter>
    </ClCompile>
  </ItemGroup>
  <ItemGroup>
    <QtMoc Include="QTVideoKit.h">
      <Filter>Header Files</Filter>
    </QtMoc>
    <QtMoc Include="agorartcengine.h">
      <Filter>Header Files</Filter>
    </QtMoc>
    <QtMoc Include="mainwindow.h">
      <Filter>Header Files</Filter>
    </QtMoc>
    <QtMoc Include="videorender.h">
      <Filter>Header Files</Filter>
    </QtMoc>
  </ItemGroup>
  <ItemGroup>
    <ClInclude Include="ui_videorender.h">
      <Filter>Generated Files</Filter>
    </ClInclude>
    <ClInclude Include="Agora_native_sdk\videokit\videokit.h">
      <Filter>Header Files</Filter>
    </ClInclude>
    <ClInclude Include="Agora_native_sdk\videokit\SingleTon.h">
      <Filter>Header Files</Filter>
    </ClInclude>
    <ClInclude Include="ZD3DRender.h">
      <Filter>Header Files</Filter>
    </ClInclude>
    <ClInclude Include="Agora_native_sdk\videokit\videoinfocallback.h">
      <Filter>Header Files</Filter>
    </ClInclude>
  </ItemGroup>
  <ItemGroup>
    <QtUic Include="videorender.ui">
      <Filter>Form Files</Filter>
    </QtUic>
  </ItemGroup>
  <ItemGroup>
    <None Include="controls\AButton.qml">
      <Filter>Resource Files</Filter>
    </None>
    <None Include="controls\AComboBox.qml">
      <Filter>Resource Files</Filter>
    </None>
    <None Include="controls\ADragArea.qml">
      <Filter>Resource Files</Filter>
    </None>
    <None Include="controls\AImageButton.qml">
      <Filter>Resource Files</Filter>
    </None>
    <None Include="controls\ASlider.qml">
      <Filter>Resource Files</Filter>
    </None>
    <None Include="controls\ATitleBar.qml">
      <Filter>Resource Files</Filter>
    </None>
    <None Include="controls\AVideoView.qml">
      <Filter>Resource Files</Filter>
    </None>
    <None Include="DeviceSettings.qml">
      <Filter>Resource Files</Filter>
    </None>
    <None Include="DeviceSettingsForm.ui.qml">
      <Filter>Resource Files</Filter>
    </None>
    <None Include="InRoom.qml">
      <Filter>Resource Files</Filter>
    </None>
    <None Include="InRoomForm.ui.qml">
      <Filter>Resource Files</Filter>
    </None>
    <None Include="JoinRoom.qml">
      <Filter>Resource Files</Filter>
    </None>
    <None Include="JoinRoomForm.ui.qml">
      <Filter>Resource Files</Filter>
    </None>
    <None Include="Splash.qml">
      <Filter>Resource Files</Filter>
    </None>
    <None Include="SplashForm.ui.qml">
      <Filter>Resource Files</Filter>
    </None>
    <None Include="VideoSettings.qml">
      <Filter>Resource Files</Filter>
    </None>
    <None Include="VideoSettingsForm.ui.qml">
      <Filter>Resource Files</Filter>
    </None>
    <None Include="Videoplayer.qml">
      <Filter>Resource Files</Filter>
    </None>
    <None Include="VideoplayerForm.ui.qml">
      <Filter>Resource Files</Filter>
    </None>
    <None Include="images\btn_down.png">
      <Filter>Resource Files</Filter>
    </None>
    <None Include="images\btn_down_touch.png">
      <Filter>Resource Files</Filter>
    </None>
    <None Include="images\btn_endcall.png">
      <Filter>Resource Files</Filter>
    </None>
    <None Include="images\btn_endcall_push.png">
      <Filter>Resource Files</Filter>
    </None>
    <None Include="images\btn_maximize.png">
      <Filter>Resource Files</Filter>
    </None>
    <None Include="images\btn_maximize_push.png">
      <Filter>Resource Files</Filter>
    </None>
    <None Include="images\btn_maximize_touch.png">
      <Filter>Resource Files</Filter>
    </None>
    <None Include="images\btn_mute_close.png">
      <Filter>Resource Files</Filter>
    </None>
    <None Include="images\btn_mute_close_push.png">
      <Filter>Resource Files</Filter>
    </None>
    <None Include="images\btn_mute_close_touch.png">
      <Filter>Resource Files</Filter>
    </None>
    <None Include="images\btn_mute_open.png">
      <Filter>Resource Files</Filter>
    </None>
    <None Include="images\btn_mute_open_push.png">
      <Filter>Resource Files</Filter>
    </None>
    <None Include="images\btn_mute_open_touch.png">
      <Filter>Resource Files</Filter>
    </None>
    <None Include="images\btn_restore.png">
      <Filter>Resource Files</Filter>
    </None>
    <None Include="images\btn_restore_push.png">
      <Filter>Resource Files</Filter>
    </None>
    <None Include="images\btn_restore_touch.png">
      <Filter>Resource Files</Filter>
    </None>
    <None Include="images\btn_settings.png">
      <Filter>Resource Files</Filter>
    </None>
    <None Include="images\btn_settings_push.png">
      <Filter>Resource Files</Filter>
    </None>
    <None Include="images\btn_settings_touch.png">
      <Filter>Resource Files</Filter>
    </None>
    <None Include="images\btn_video.png">
      <Filter>Resource Files</Filter>
    </None>
    <None Include="images\btn_video_push.png">
      <Filter>Resource Files</Filter>
    </None>
    <None Include="images\btn_video_touch.png">
      <Filter>Resource Files</Filter>
    </None>
    <None Include="images\btn_voice.png">
      <Filter>Resource Files</Filter>
    </None>
    <None Include="images\btn_voice_push.png">
      <Filter>Resource Files</Filter>
    </None>
    <None Include="images\btn_voice_touch.png">
      <Filter>Resource Files</Filter>
    </None>
    <None Include="images\btn_window_close.png">
      <Filter>Resource Files</Filter>
    </None>
    <None Include="images\btn_window_close_push.png">
      <Filter>Resource Files</Filter>
    </None>
    <None Include="images\btn_window_close_touch.png">
      <Filter>Resource Files</Filter>
    </None>
    <None Include="images\btn_window_minimize.png">
      <Filter>Resource Files</Filter>
    </None>
    <None Include="images\btn_window_minimize_push.png">
      <Filter>Resource Files</Filter>
    </None>
    <None Include="images\btn_window_minimize_touch.png">
      <Filter>Resource Files</Filter>
    </None>
    <None Include="images\icon_background_video.png">
      <Filter>Resource Files</Filter>
    </None>
    <None Include="images\icon_logo.png">
      <Filter>Resource Files</Filter>
    </None>
    <None Include="main.qml">
      <Filter>Resource Files</Filter>
    </None>
    <QtRcc Include="qml.qrc">
      <Filter>Resource Files</Filter>
    </QtRcc>
  </ItemGroup>
</Project>